// !$*UTF8*$!
{
	archiveVersion = 1;
	classes = {
	};
	objectVersion = 50;
	objects = {

/* Begin PBXBuildFile section */
		418F7BC524F3D13F00EC8071 /* AppDelegate.swift in Sources */ = {isa = PBXBuildFile; fileRef = 418F7BC424F3D13F00EC8071 /* AppDelegate.swift */; };
		418F7BC724F3D13F00EC8071 /* SceneDelegate.swift in Sources */ = {isa = PBXBuildFile; fileRef = 418F7BC624F3D13F00EC8071 /* SceneDelegate.swift */; };
		418F7BC924F3D13F00EC8071 /* ViewController.swift in Sources */ = {isa = PBXBuildFile; fileRef = 418F7BC824F3D13F00EC8071 /* ViewController.swift */; };
		418F7BCC24F3D13F00EC8071 /* Main.storyboard in Resources */ = {isa = PBXBuildFile; fileRef = 418F7BCA24F3D13F00EC8071 /* Main.storyboard */; };
		418F7BCE24F3D14100EC8071 /* Assets.xcassets in Resources */ = {isa = PBXBuildFile; fileRef = 418F7BCD24F3D14100EC8071 /* Assets.xcassets */; };
		418F7BD124F3D14100EC8071 /* LaunchScreen.storyboard in Resources */ = {isa = PBXBuildFile; fileRef = 418F7BCF24F3D14100EC8071 /* LaunchScreen.storyboard */; };
		BF4E26F324F531790078107C /* NewViewController.swift in Sources */ = {isa = PBXBuildFile; fileRef = BF4E26F224F531780078107C /* NewViewController.swift */; };
		BF4E26F724F5A2A40078107C /* FlowerViewController.swift in Sources */ = {isa = PBXBuildFile; fileRef = BF4E26F624F5A2A40078107C /* FlowerViewController.swift */; };
/* End PBXBuildFile section */

/* Begin PBXFileReference section */
		418F7BC124F3D13F00EC8071 /* demo.app */ = {isa = PBXFileReference; explicitFileType = wrapper.application; includeInIndex = 0; path = demo.app; sourceTree = BUILT_PRODUCTS_DIR; };
		418F7BC424F3D13F00EC8071 /* AppDelegate.swift */ = {isa = PBXFileReference; lastKnownFileType = sourcecode.swift; path = AppDelegate.swift; sourceTree = "<group>"; };
		418F7BC624F3D13F00EC8071 /* SceneDelegate.swift */ = {isa = PBXFileReference; lastKnownFileType = sourcecode.swift; path = SceneDelegate.swift; sourceTree = "<group>"; };
		418F7BC824F3D13F00EC8071 /* ViewController.swift */ = {isa = PBXFileReference; lastKnownFileType = sourcecode.swift; path = ViewController.swift; sourceTree = "<group>"; };
		418F7BCB24F3D13F00EC8071 /* Base */ = {isa = PBXFileReference; lastKnownFileType = file.storyboard; name = Base; path = Base.lproj/Main.storyboard; sourceTree = "<group>"; };
		418F7BCD24F3D14100EC8071 /* Assets.xcassets */ = {isa = PBXFileReference; lastKnownFileType = folder.assetcatalog; path = Assets.xcassets; sourceTree = "<group>"; };
		418F7BD024F3D14100EC8071 /* Base */ = {isa = PBXFileReference; lastKnownFileType = file.storyboard; name = Base; path = Base.lproj/LaunchScreen.storyboard; sourceTree = "<group>"; };
		418F7BD224F3D14100EC8071 /* Info.plist */ = {isa = PBXFileReference; lastKnownFileType = text.plist.xml; path = Info.plist; sourceTree = "<group>"; };
		BF4E26F224F531780078107C /* NewViewController.swift */ = {isa = PBXFileReference; lastKnownFileType = sourcecode.swift; path = NewViewController.swift; sourceTree = "<group>"; };
		BF4E26F624F5A2A40078107C /* FlowerViewController.swift */ = {isa = PBXFileReference; lastKnownFileType = sourcecode.swift; path = FlowerViewController.swift; sourceTree = "<group>"; };
/* End PBXFileReference section */

/* Begin PBXFrameworksBuildPhase section */
		418F7BBE24F3D13F00EC8071 /* Frameworks */ = {
			isa = PBXFrameworksBuildPhase;
			buildActionMask = 2147483647;
			files = (
			);
			runOnlyForDeploymentPostprocessing = 0;
		};
/* End PBXFrameworksBuildPhase section */

/* Begin PBXGroup section */
		418F7BB824F3D13F00EC8071 = {
			isa = PBXGroup;
			children = (
				418F7BC324F3D13F00EC8071 /* demo */,
				418F7BC224F3D13F00EC8071 /* Products */,
			);
			sourceTree = "<group>";
		};
		418F7BC224F3D13F00EC8071 /* Products */ = {
			isa = PBXGroup;
			children = (
				418F7BC124F3D13F00EC8071 /* demo.app */,
			);
			name = Products;
			sourceTree = "<group>";
		};
		418F7BC324F3D13F00EC8071 /* demo */ = {
			isa = PBXGroup;
			children = (
				418F7BC424F3D13F00EC8071 /* AppDelegate.swift */,
				418F7BC624F3D13F00EC8071 /* SceneDelegate.swift */,
				418F7BC824F3D13F00EC8071 /* ViewController.swift */,
				418F7BCA24F3D13F00EC8071 /* Main.storyboard */,
				418F7BCD24F3D14100EC8071 /* Assets.xcassets */,
				418F7BCF24F3D14100EC8071 /* LaunchScreen.storyboard */,
				418F7BD224F3D14100EC8071 /* Info.plist */,
				BF4E26F224F531780078107C /* NewViewController.swift */,
				BF4E26F624F5A2A40078107C /* FlowerViewController.swift */,
			);
			path = demo;
			sourceTree = "<group>";
		};
/* End PBXGroup section */

/* Begin PBXNativeTarget section */
		418F7BC024F3D13F00EC8071 /* demo */ = {
			isa = PBXNativeTarget;
			buildConfigurationList = 418F7BD524F3D14100EC8071 /* Build configuration list for PBXNativeTarget "demo" */;
			buildPhases = (
				418F7BBD24F3D13F00EC8071 /* Sources */,
				418F7BBE24F3D13F00EC8071 /* Frameworks */,
				418F7BBF24F3D13F00EC8071 /* Resources */,
			);
			buildRules = (
			);
			dependencies = (
			);
			name = demo;
			productName = demo;
			productReference = 418F7BC124F3D13F00EC8071 /* demo.app */;
			productType = "com.apple.product-type.application";
		};
/* End PBXNativeTarget section */

/* Begin PBXProject section */
		418F7BB924F3D13F00EC8071 /* Project object */ = {
			isa = PBXProject;
			attributes = {
				LastSwiftUpdateCheck = 1160;
				LastUpgradeCheck = 1160;
				ORGANIZATIONNAME = Ravi;
				TargetAttributes = {
					418F7BC024F3D13F00EC8071 = {
						CreatedOnToolsVersion = 11.6;
					};
				};
			};
			buildConfigurationList = 418F7BBC24F3D13F00EC8071 /* Build configuration list for PBXProject "demo" */;
			compatibilityVersion = "Xcode 9.3";
			developmentRegion = en;
			hasScannedForEncodings = 0;
			knownRegions = (
				en,
				Base,
			);
			mainGroup = 418F7BB824F3D13F00EC8071;
			productRefGroup = 418F7BC224F3D13F00EC8071 /* Products */;
			projectDirPath = "";
			projectRoot = "";
			targets = (
				418F7BC024F3D13F00EC8071 /* demo */,
			);
		};
/* End PBXProject section */

/* Begin PBXResourcesBuildPhase section */
		418F7BBF24F3D13F00EC8071 /* Resources */ = {
			isa = PBXResourcesBuildPhase;
			buildActionMask = 2147483647;
			files = (
				418F7BD124F3D14100EC8071 /* LaunchScreen.storyboard in Resources */,
				418F7BCE24F3D14100EC8071 /* Assets.xcassets in Resources */,
				418F7BCC24F3D13F00EC8071 /* Main.storyboard in Resources */,
			);
			runOnlyForDeploymentPostprocessing = 0;
		};
/* End PBXResourcesBuildPhase section */

/* Begin PBXSourcesBuildPhase section */
		418F7BBD24F3D13F00EC8071 /* Sources */ = {
			isa = PBXSourcesBuildPhase;
			buildActionMask = 2147483647;
			files = (
				418F7BC924F3D13F00EC8071 /* ViewController.swift in Sources */,
				BF4E26F724F5A2A40078107C /* FlowerViewController.swift in Sources */,
				418F7BC524F3D13F00EC8071 /* AppDelegate.swift in Sources */,
				418F7BC724F3D13F00EC8071 /* SceneDelegate.swift in Sources */,
				BF4E26F324F531790078107C /* NewViewController.swift in Sources */,
			);
			runOnlyForDeploymentPostprocessing = 0;
		};
/* End PBXSourcesBuildPhase section */

/* Begin PBXVariantGroup section */
		418F7BCA24F3D13F00EC8071 /* Main.storyboard */ = {
			isa = PBXVariantGroup;
			children = (
				418F7BCB24F3D13F00EC8071 /* Base */,
			);
			name = Main.storyboard;
			sourceTree = "<group>";
		};
		418F7BCF24F3D14100EC8071 /* LaunchScreen.storyboard */ = {
			isa = PBXVariantGroup;
			children = (
				418F7BD024F3D14100EC8071 /* Base */,
			);
			name = LaunchScreen.storyboard;
			sourceTree = "<group>";
		};
/* End PBXVariantGroup section */

/* Begin XCBuildConfiguration section */
		418F7BD324F3D14100EC8071 /* Debug */ = {
			isa = XCBuildConfiguration;
			buildSettings = {
				ALWAYS_SEARCH_USER_PATHS = NO;
				CLANG_ANALYZER_NONNULL = YES;
				CLANG_ANALYZER_NUMBER_OBJECT_CONVERSION = YES_AGGRESSIVE;
				CLANG_CXX_LANGUAGE_STANDARD = "gnu++14";
				CLANG_CXX_LIBRARY = "libc++";
				CLANG_ENABLE_MODULES = YES;
				CLANG_ENABLE_OBJC_ARC = YES;
				CLANG_ENABLE_OBJC_WEAK = YES;
				CLANG_WARN_BLOCK_CAPTURE_AUTORELEASING = YES;
				CLANG_WARN_BOOL_CONVERSION = YES;
				CLANG_WARN_COMMA = YES;
				CLANG_WARN_CONSTANT_CONVERSION = YES;
				CLANG_WARN_DEPRECATED_OBJC_IMPLEMENTATIONS = YES;
				CLANG_WARN_DIRECT_OBJC_ISA_USAGE = YES_ERROR;
				CLANG_WARN_DOCUMENTATION_COMMENTS = YES;
				CLANG_WARN_EMPTY_BODY = YES;
				CLANG_WARN_ENUM_CONVERSION = YES;
				CLANG_WARN_INFINITE_RECURSION = YES;
				CLANG_WARN_INT_CONVERSION = YES;
				CLANG_WARN_NON_LITERAL_NULL_CONVERSION = YES;
				CLANG_WARN_OBJC_IMPLICIT_RETAIN_SELF = YES;
				CLANG_WARN_OBJC_LITERAL_CONVERSION = YES;
				CLANG_WARN_OBJC_ROOT_CLASS = YES_ERROR;
				CLANG_WARN_RANGE_LOOP_ANALYSIS = YES;
				CLANG_WARN_STRICT_PROTOTYPES = YES;
				CLANG_WARN_SUSPICIOUS_MOVE = YES;
				CLANG_WARN_UNGUARDED_AVAILABILITY = YES_AGGRESSIVE;
				CLANG_WARN_UNREACHABLE_CODE = YES;
				CLANG_WARN__DUPLICATE_METHOD_MATCH = YES;
				COPY_PHASE_STRIP = NO;
				DEBUG_INFORMATION_FORMAT = dwarf;
				ENABLE_STRICT_OBJC_MSGSEND = YES;
				ENABLE_TESTABILITY = YES;
				GCC_C_LANGUAGE_STANDARD = gnu11;
				GCC_DYNAMIC_NO_PIC = NO;
				GCC_NO_COMMON_BLOCKS = YES;
				GCC_OPTIMIZATION_LEVEL = 0;
				GCC_PREPROCESSOR_DEFINITIONS = (
					"DEBUG=1",
					"$(inherited)",
				);
				GCC_WARN_64_TO_32_BIT_CONVERSION = YES;
				GCC_WARN_ABOUT_RETURN_TYPE = YES_ERROR;
				GCC_WARN_UNDECLARED_SELECTOR = YES;
				GCC_WARN_UNINITIALIZED_AUTOS = YES_AGGRESSIVE;
				GCC_WARN_UNUSED_FUNCTION = YES;
				GCC_WARN_UNUSED_VARIABLE = YES;
				IPHONEOS_DEPLOYMENT_TARGET = 13.6;
				MTL_ENABLE_DEBUG_INFO = INCLUDE_SOURCE;
				MTL_FAST_MATH = YES;
				ONLY_ACTIVE_ARCH = YES;
				SDKROOT = iphoneos;
				SWIFT_ACTIVE_COMPILATION_CONDITIONS = DEBUG;
				SWIFT_OPTIMIZATION_LEVEL = "-Onone";
			};
			name = Debug;
		};
		418F7BD424F3D14100EC8071 /* Release */ = {
			isa = XCBuildConfiguration;
			buildSettings = {
				ALWAYS_SEARCH_USER_PATHS = NO;
				CLANG_ANALYZER_NONNULL = YES;
				CLANG_ANALYZER_NUMBER_OBJECT_CONVERSION = YES_AGGRESSIVE;
				CLANG_CXX_LANGUAGE_STANDARD = "gnu++14";
				CLANG_CXX_LIBRARY = "libc++";
				CLANG_ENABLE_MODULES = YES;
				CLANG_ENABLE_OBJC_ARC = YES;
				CLANG_ENABLE_OBJC_WEAK = YES;
				CLANG_WARN_BLOCK_CAPTURE_AUTORELEASING = YES;
				CLANG_WARN_BOOL_CONVERSION = YES;
				CLANG_WARN_COMMA = YES;
				CLANG_WARN_CONSTANT_CONVERSION = YES;
				CLANG_WARN_DEPRECATED_OBJC_IMPLEMENTATIONS = YES;
				CLANG_WARN_DIRECT_OBJC_ISA_USAGE = YES_ERROR;
				CLANG_WARN_DOCUMENTATION_COMMENTS = YES;
				CLANG_WARN_EMPTY_BODY = YES;
				CLANG_WARN_ENUM_CONVERSION = YES;
				CLANG_WARN_INFINITE_RECURSION = YES;
				CLANG_WARN_INT_CONVERSION = YES;
				CLANG_WARN_NON_LITERAL_NULL_CONVERSION = YES;
				CLANG_WARN_OBJC_IMPLICIT_RETAIN_SELF = YES;
				CLANG_WARN_OBJC_LITERAL_CONVERSION = YES;
				CLANG_WARN_OBJC_ROOT_CLASS = YES_ERROR;
				CLANG_WARN_RANGE_LOOP_ANALYSIS = YES;
				CLANG_WARN_STRICT_PROTOTYPES = YES;
				CLANG_WARN_SUSPICIOUS_MOVE = YES;
				CLANG_WARN_UNGUARDED_AVAILABILITY = YES_AGGRESSIVE;
				CLANG_WARN_UNREACHABLE_CODE = YES;
				CLANG_WARN__DUPLICATE_METHOD_MATCH = YES;
				COPY_PHASE_STRIP = NO;
				DEBUG_INFORMATION_FORMAT = "dwarf-with-dsym";
				ENABLE_NS_ASSERTIONS = NO;
				ENABLE_STRICT_OBJC_MSGSEND = YES;
				GCC_C_LANGUAGE_STANDARD = gnu11;
				GCC_NO_COMMON_BLOCKS = YES;
				GCC_WARN_64_TO_32_BIT_CONVERSION = YES;
				GCC_WARN_ABOUT_RETURN_TYPE = YES_ERROR;
				GCC_WARN_UNDECLARED_SELECTOR = YES;
				GCC_WARN_UNINITIALIZED_AUTOS = YES_AGGRESSIVE;
				GCC_WARN_UNUSED_FUNCTION = YES;
				GCC_WARN_UNUSED_VARIABLE = YES;
				IPHONEOS_DEPLOYMENT_TARGET = 13.6;
				MTL_ENABLE_DEBUG_INFO = NO;
				MTL_FAST_MATH = YES;
				SDKROOT = iphoneos;
				SWIFT_COMPILATION_MODE = wholemodule;
				SWIFT_OPTIMIZATION_LEVEL = "-O";
				VALIDATE_PRODUCT = YES;
			};
			name = Release;
		};
		418F7BD624F3D14100EC8071 /* Debug */ = {
			isa = XCBuildConfiguration;
			buildSettings = {
				ASSETCATALOG_COMPILER_APPICON_NAME = AppIcon;
				CODE_SIGN_STYLE = Automatic;
				DEVELOPMENT_TEAM = HTR4QWWY2J;
				INFOPLIST_FILE = demo/Info.plist;
				LD_RUNPATH_SEARCH_PATHS = (
					"$(inherited)",
					"@executable_path/Frameworks",
				);
				PRODUCT_BUNDLE_IDENTIFIER = com.ravi.demo;
				PRODUCT_NAME = "$(TARGET_NAME)";
				SWIFT_VERSION = 5.0;
				TARGETED_DEVICE_FAMILY = "1,2";
			};
			name = Debug;
		};
		418F7BD724F3D14100EC8071 /* Release */ = {
			isa = XCBuildConfiguration;
			buildSettings = {
				ASSETCATALOG_COMPILER_APPICON_NAME = AppIcon;
				CODE_SIGN_STYLE = Automatic;
				DEVELOPMENT_TEAM = HTR4QWWY2J;
				INFOPLIST_FILE = demo/Info.plist;
				LD_RUNPATH_SEARCH_PATHS = (
					"$(inherited)",
					"@executable_path/Frameworks",
				);
				PRODUCT_BUNDLE_IDENTIFIER = com.ravi.demo;
				PRODUCT_NAME = "$(TARGET_NAME)";
				SWIFT_VERSION = 5.0;
				TARGETED_DEVICE_FAMILY = "1,2";
			};
			name = Release;
		};
/* End XCBuildConfiguration section */

/* Begin XCConfigurationList section */
		418F7BBC24F3D13F00EC8071 /* Build configuration list for PBXProject "demo" */ = {
			isa = XCConfigurationList;
			buildConfigurations = (
				418F7BD324F3D14100EC8071 /* Debug */,
				418F7BD424F3D14100EC8071 /* Release */,
			);
			defaultConfigurationIsVisible = 0;
			defaultConfigurationName = Release;
		};
		418F7BD524F3D14100EC8071 /* Build configuration list for PBXNativeTarget "demo" */ = {
			isa = XCConfigurationList;
			buildConfigurations = (
				418F7BD624F3D14100EC8071 /* Debug */,
				418F7BD724F3D14100EC8071 /* Release */,
			);
			defaultConfigurationIsVisible = 0;
			defaultConfigurationName = Release;
		};
/* End XCConfigurationList section */
	};
	rootObject = 418F7BB924F3D13F00EC8071 /* Project object */;
}
